
Microsoft Visual Studio Solution File, Format Version 10.00
# Visual Studio 2008
Project("{2150E333-8FDC-42A3-9474-1A3956D46DE8}") = "01. Core", "01. Core", "{87200889-3F37-4C64-AF92-5712755E0C5C}"
EndProject
Project("{2150E333-8FDC-42A3-9474-1A3956D46DE8}") = "02. LUA", "02. LUA", "{78DA72CB-E94A-4B92-B1E5-955DB81949F9}"
EndProject
Project("{2150E333-8FDC-42A3-9474-1A3956D46DE8}") = "05. CanBus", "05. CanBus", "{77E7B48F-D096-4AE4-A9FA-8828740CB836}"
EndProject
Project("{2150E333-8FDC-42A3-9474-1A3956D46DE8}") = "03. Environment", "03. Environment", "{68F8FB8C-96F6-40AB-88EF-5C8F3131D550}"
EndProject
Project("{2150E333-8FDC-42A3-9474-1A3956D46DE8}") = "04. Plugin", "04. Plugin", "{23DE403C-9CC9-43BC-84AD-41E89DE29219}"
EndProject
Project("{2150E333-8FDC-42A3-9474-1A3956D46DE8}") = "Plugins", "Plugins", "{B18AF560-B524-42A4-800C-866EA19595F2}"
EndProject
Project("{2150E333-8FDC-42A3-9474-1A3956D46DE8}") = "USB", "USB", "{19CEC1ED-DD8D-499A-A5F9-3531F7C73EC2}"
EndProject
Project("{2150E333-8FDC-42A3-9474-1A3956D46DE8}") = "PCI", "PCI", "{3F0A8D1C-60D4-4CFF-AE95-9151293E34FA}"
EndProject
Project("{2150E333-8FDC-42A3-9474-1A3956D46DE8}") = "Peak", "Peak", "{C6CDD22D-CDE1-4751-9D07-7AA1665FA1FF}"
EndProject
Project("{2150E333-8FDC-42A3-9474-1A3956D46DE8}") = "06. QueueTools", "06. QueueTools", "{DD8E8CEC-E15A-4DB4-B548-9223A39261D6}"
EndProject
Project("{2150E333-8FDC-42A3-9474-1A3956D46DE8}") = "07. Dynamic IO", "07. Dynamic IO", "{C878080F-651D-4BA4-A66F-F083D93340F0}"
EndProject
Project("{2150E333-8FDC-42A3-9474-1A3956D46DE8}") = "08. Math", "08. Math", "{D68C703B-00DE-4DF4-8DAF-500E2DC3454A}"
EndProject
Project("{2150E333-8FDC-42A3-9474-1A3956D46DE8}") = "09. IPC", "09. IPC", "{EA883863-F623-4DBB-B632-D8448783CE28}"
EndProject
Project("{2150E333-8FDC-42A3-9474-1A3956D46DE8}") = "10. SimArc", "10. SimArc", "{9FF99DB0-7AB4-45F8-B71D-0D5085C90C90}"
EndProject
Project("{8BC9CEB8-8B4A-11D0-8D11-00A0C91BC942}") = "FrameworkCore", "FrameworkCore\projects\FrameworkCore\FrameworkCore.vcproj", "{E91DFCCF-5080-4E09-8B45-8601AEB8177E}"
EndProject
Project("{8BC9CEB8-8B4A-11D0-8D11-00A0C91BC942}") = "FrameworkLUA", "FrameworkLUA\projects\FrameworkLUA\FrameworkLUA.vcproj", "{16F4B7C3-497A-401E-9CD1-06C55AE34887}"
	ProjectSection(ProjectDependencies) = postProject
		{E91DFCCF-5080-4E09-8B45-8601AEB8177E} = {E91DFCCF-5080-4E09-8B45-8601AEB8177E}
	EndProjectSection
EndProject
Project("{8BC9CEB8-8B4A-11D0-8D11-00A0C91BC942}") = "FrameworkCanBus", "FrameworkCanBus\projects\FrameworkCanBus\FrameworkCanBus.vcproj", "{3D63F968-5435-4A0E-9DC4-465E3928C31C}"
	ProjectSection(ProjectDependencies) = postProject
		{E91DFCCF-5080-4E09-8B45-8601AEB8177E} = {E91DFCCF-5080-4E09-8B45-8601AEB8177E}
		{D28819EC-DE8F-4E89-8390-2A49AC7BF128} = {D28819EC-DE8F-4E89-8390-2A49AC7BF128}
		{16F4B7C3-497A-401E-9CD1-06C55AE34887} = {16F4B7C3-497A-401E-9CD1-06C55AE34887}
		{79AC6BE5-BEA8-4F14-83E8-8399D3C0A4FD} = {79AC6BE5-BEA8-4F14-83E8-8399D3C0A4FD}
	EndProjectSection
EndProject
Project("{8BC9CEB8-8B4A-11D0-8D11-00A0C91BC942}") = "FrameworkEnvironment", "FrameworkEnvironment\projects\FrameworkEnvironment\FrameworkEnvironment.vcproj", "{353759B5-6553-431C-9CE7-EF30221357F2}"
	ProjectSection(ProjectDependencies) = postProject
		{E91DFCCF-5080-4E09-8B45-8601AEB8177E} = {E91DFCCF-5080-4E09-8B45-8601AEB8177E}
	EndProjectSection
EndProject
Project("{8BC9CEB8-8B4A-11D0-8D11-00A0C91BC942}") = "FrameworkPlugin", "FrameworkPlugin\projects\FrameworkPlugin\FrameworkPlugin.vcproj", "{79AC6BE5-BEA8-4F14-83E8-8399D3C0A4FD}"
	ProjectSection(ProjectDependencies) = postProject
		{16F4B7C3-497A-401E-9CD1-06C55AE34887} = {16F4B7C3-497A-401E-9CD1-06C55AE34887}
		{E91DFCCF-5080-4E09-8B45-8601AEB8177E} = {E91DFCCF-5080-4E09-8B45-8601AEB8177E}
	EndProjectSection
EndProject
Project("{8BC9CEB8-8B4A-11D0-8D11-00A0C91BC942}") = "PeakPCI_0", "FrameworkCanBus\projects\PeakDevicePlugin\PCI\PeakPCI_0.vcproj", "{D716DC4B-6182-4B2C-B853-FE70A459C60C}"
	ProjectSection(ProjectDependencies) = postProject
		{3D63F968-5435-4A0E-9DC4-465E3928C31C} = {3D63F968-5435-4A0E-9DC4-465E3928C31C}
		{79AC6BE5-BEA8-4F14-83E8-8399D3C0A4FD} = {79AC6BE5-BEA8-4F14-83E8-8399D3C0A4FD}
	EndProjectSection
EndProject
Project("{8BC9CEB8-8B4A-11D0-8D11-00A0C91BC942}") = "PeakPCI_1", "FrameworkCanBus\projects\PeakDevicePlugin\PCI\PeakPCI_1.vcproj", "{65D8B239-1C95-43CD-8BA5-41C341AAC44A}"
	ProjectSection(ProjectDependencies) = postProject
		{3D63F968-5435-4A0E-9DC4-465E3928C31C} = {3D63F968-5435-4A0E-9DC4-465E3928C31C}
		{79AC6BE5-BEA8-4F14-83E8-8399D3C0A4FD} = {79AC6BE5-BEA8-4F14-83E8-8399D3C0A4FD}
	EndProjectSection
EndProject
Project("{8BC9CEB8-8B4A-11D0-8D11-00A0C91BC942}") = "PeakPCI_2", "FrameworkCanBus\projects\PeakDevicePlugin\PCI\PeakPCI_2.vcproj", "{E9968EFC-8835-482B-B61A-FC1A07A54483}"
	ProjectSection(ProjectDependencies) = postProject
		{3D63F968-5435-4A0E-9DC4-465E3928C31C} = {3D63F968-5435-4A0E-9DC4-465E3928C31C}
		{79AC6BE5-BEA8-4F14-83E8-8399D3C0A4FD} = {79AC6BE5-BEA8-4F14-83E8-8399D3C0A4FD}
	EndProjectSection
EndProject
Project("{8BC9CEB8-8B4A-11D0-8D11-00A0C91BC942}") = "PeakPCI_3", "FrameworkCanBus\projects\PeakDevicePlugin\PCI\PeakPCI_3.vcproj", "{0D492754-492F-4533-A2EB-46C3520410C4}"
	ProjectSection(ProjectDependencies) = postProject
		{3D63F968-5435-4A0E-9DC4-465E3928C31C} = {3D63F968-5435-4A0E-9DC4-465E3928C31C}
		{79AC6BE5-BEA8-4F14-83E8-8399D3C0A4FD} = {79AC6BE5-BEA8-4F14-83E8-8399D3C0A4FD}
	EndProjectSection
EndProject
Project("{8BC9CEB8-8B4A-11D0-8D11-00A0C91BC942}") = "PeakPCI_4", "FrameworkCanBus\projects\PeakDevicePlugin\PCI\PeakPCI_4.vcproj", "{F48796E2-5C49-43AB-844F-0CDB059F2405}"
	ProjectSection(ProjectDependencies) = postProject
		{3D63F968-5435-4A0E-9DC4-465E3928C31C} = {3D63F968-5435-4A0E-9DC4-465E3928C31C}
		{79AC6BE5-BEA8-4F14-83E8-8399D3C0A4FD} = {79AC6BE5-BEA8-4F14-83E8-8399D3C0A4FD}
	EndProjectSection
EndProject
Project("{8BC9CEB8-8B4A-11D0-8D11-00A0C91BC942}") = "PeakPCI_5", "FrameworkCanBus\projects\PeakDevicePlugin\PCI\PeakPCI_5.vcproj", "{4D5C7457-442A-419E-9FE4-4855C064FB43}"
	ProjectSection(ProjectDependencies) = postProject
		{3D63F968-5435-4A0E-9DC4-465E3928C31C} = {3D63F968-5435-4A0E-9DC4-465E3928C31C}
		{79AC6BE5-BEA8-4F14-83E8-8399D3C0A4FD} = {79AC6BE5-BEA8-4F14-83E8-8399D3C0A4FD}
	EndProjectSection
EndProject
Project("{8BC9CEB8-8B4A-11D0-8D11-00A0C91BC942}") = "PeakPCI_6", "FrameworkCanBus\projects\PeakDevicePlugin\PCI\PeakPCI_6.vcproj", "{BFFC7BC6-832E-42C3-BA23-DFA5246EF949}"
	ProjectSection(ProjectDependencies) = postProject
		{3D63F968-5435-4A0E-9DC4-465E3928C31C} = {3D63F968-5435-4A0E-9DC4-465E3928C31C}
		{79AC6BE5-BEA8-4F14-83E8-8399D3C0A4FD} = {79AC6BE5-BEA8-4F14-83E8-8399D3C0A4FD}
	EndProjectSection
EndProject
Project("{8BC9CEB8-8B4A-11D0-8D11-00A0C91BC942}") = "PeakPCI_7", "FrameworkCanBus\projects\PeakDevicePlugin\PCI\PeakPCI_7.vcproj", "{AF3884E1-1CE8-4624-94EC-FCB333C55930}"
	ProjectSection(ProjectDependencies) = postProject
		{3D63F968-5435-4A0E-9DC4-465E3928C31C} = {3D63F968-5435-4A0E-9DC4-465E3928C31C}
		{79AC6BE5-BEA8-4F14-83E8-8399D3C0A4FD} = {79AC6BE5-BEA8-4F14-83E8-8399D3C0A4FD}
	EndProjectSection
EndProject
Project("{8BC9CEB8-8B4A-11D0-8D11-00A0C91BC942}") = "PeakUSB_0", "FrameworkCanBus\projects\PeakDevicePlugin\USB\PeakUSB_0.vcproj", "{A7E099DD-D363-41CB-BD7B-865E49D490F7}"
	ProjectSection(ProjectDependencies) = postProject
		{3D63F968-5435-4A0E-9DC4-465E3928C31C} = {3D63F968-5435-4A0E-9DC4-465E3928C31C}
		{79AC6BE5-BEA8-4F14-83E8-8399D3C0A4FD} = {79AC6BE5-BEA8-4F14-83E8-8399D3C0A4FD}
	EndProjectSection
EndProject
Project("{8BC9CEB8-8B4A-11D0-8D11-00A0C91BC942}") = "PeakUSB_1", "FrameworkCanBus\projects\PeakDevicePlugin\USB\PeakUSB_1.vcproj", "{98D72A90-8BA1-47CE-8760-F41F3E3BF75B}"
	ProjectSection(ProjectDependencies) = postProject
		{3D63F968-5435-4A0E-9DC4-465E3928C31C} = {3D63F968-5435-4A0E-9DC4-465E3928C31C}
		{79AC6BE5-BEA8-4F14-83E8-8399D3C0A4FD} = {79AC6BE5-BEA8-4F14-83E8-8399D3C0A4FD}
	EndProjectSection
EndProject
Project("{8BC9CEB8-8B4A-11D0-8D11-00A0C91BC942}") = "PeakUSB_2", "FrameworkCanBus\projects\PeakDevicePlugin\USB\PeakUSB_2.vcproj", "{6959BDFF-47FA-42AF-85AE-18426B52D2DA}"
	ProjectSection(ProjectDependencies) = postProject
		{3D63F968-5435-4A0E-9DC4-465E3928C31C} = {3D63F968-5435-4A0E-9DC4-465E3928C31C}
		{79AC6BE5-BEA8-4F14-83E8-8399D3C0A4FD} = {79AC6BE5-BEA8-4F14-83E8-8399D3C0A4FD}
	EndProjectSection
EndProject
Project("{8BC9CEB8-8B4A-11D0-8D11-00A0C91BC942}") = "PeakUSB_3", "FrameworkCanBus\projects\PeakDevicePlugin\USB\PeakUSB_3.vcproj", "{AD87259D-5072-46DD-A5F7-8CCBB3516D6F}"
	ProjectSection(ProjectDependencies) = postProject
		{3D63F968-5435-4A0E-9DC4-465E3928C31C} = {3D63F968-5435-4A0E-9DC4-465E3928C31C}
		{79AC6BE5-BEA8-4F14-83E8-8399D3C0A4FD} = {79AC6BE5-BEA8-4F14-83E8-8399D3C0A4FD}
	EndProjectSection
EndProject
Project("{8BC9CEB8-8B4A-11D0-8D11-00A0C91BC942}") = "PeakUSB_4", "FrameworkCanBus\projects\PeakDevicePlugin\USB\PeakUSB_4.vcproj", "{3C913B47-A535-4DFD-A639-3F0B2CBA6E3F}"
	ProjectSection(ProjectDependencies) = postProject
		{3D63F968-5435-4A0E-9DC4-465E3928C31C} = {3D63F968-5435-4A0E-9DC4-465E3928C31C}
		{79AC6BE5-BEA8-4F14-83E8-8399D3C0A4FD} = {79AC6BE5-BEA8-4F14-83E8-8399D3C0A4FD}
	EndProjectSection
EndProject
Project("{8BC9CEB8-8B4A-11D0-8D11-00A0C91BC942}") = "PeakUSB_5", "FrameworkCanBus\projects\PeakDevicePlugin\USB\PeakUSB_5.vcproj", "{BD64348D-2ACC-4BB4-9E43-9A8EB30D555E}"
	ProjectSection(ProjectDependencies) = postProject
		{3D63F968-5435-4A0E-9DC4-465E3928C31C} = {3D63F968-5435-4A0E-9DC4-465E3928C31C}
		{79AC6BE5-BEA8-4F14-83E8-8399D3C0A4FD} = {79AC6BE5-BEA8-4F14-83E8-8399D3C0A4FD}
	EndProjectSection
EndProject
Project("{8BC9CEB8-8B4A-11D0-8D11-00A0C91BC942}") = "PeakUSB_6", "FrameworkCanBus\projects\PeakDevicePlugin\USB\PeakUSB_6.vcproj", "{4F98A99A-D687-4F5C-9218-E40DDB6E64EC}"
	ProjectSection(ProjectDependencies) = postProject
		{3D63F968-5435-4A0E-9DC4-465E3928C31C} = {3D63F968-5435-4A0E-9DC4-465E3928C31C}
		{79AC6BE5-BEA8-4F14-83E8-8399D3C0A4FD} = {79AC6BE5-BEA8-4F14-83E8-8399D3C0A4FD}
	EndProjectSection
EndProject
Project("{8BC9CEB8-8B4A-11D0-8D11-00A0C91BC942}") = "PeakUSB_7", "FrameworkCanBus\projects\PeakDevicePlugin\USB\PeakUSB_7.vcproj", "{162B3CDE-963B-4BA2-869F-F902A23CE8D0}"
	ProjectSection(ProjectDependencies) = postProject
		{3D63F968-5435-4A0E-9DC4-465E3928C31C} = {3D63F968-5435-4A0E-9DC4-465E3928C31C}
		{79AC6BE5-BEA8-4F14-83E8-8399D3C0A4FD} = {79AC6BE5-BEA8-4F14-83E8-8399D3C0A4FD}
	EndProjectSection
EndProject
Project("{8BC9CEB8-8B4A-11D0-8D11-00A0C91BC942}") = "FrameworkQueueTools", "FrameworkQueueTools\projects\FrameworkQueueTools\FrameworkQueueTools.vcproj", "{A70D72A1-214F-49EA-A458-F9444EEA47F8}"
	ProjectSection(ProjectDependencies) = postProject
		{E91DFCCF-5080-4E09-8B45-8601AEB8177E} = {E91DFCCF-5080-4E09-8B45-8601AEB8177E}
	EndProjectSection
EndProject
Project("{8BC9CEB8-8B4A-11D0-8D11-00A0C91BC942}") = "FrameworkMath", "FrameworkMath\project\FrameworkMath\FrameworkMath.vcproj", "{BBB593A4-30C5-4049-A119-8FE7643B6B88}"
	ProjectSection(ProjectDependencies) = postProject
		{FF86E1DB-46D4-4B1F-BC13-034538FD934A} = {FF86E1DB-46D4-4B1F-BC13-034538FD934A}
	EndProjectSection
EndProject
Project("{6989167D-11E4-40FE-8C1A-2192A86A7E90}") = "FrameworkMathFortran", "FrameworkMath\project\FrameworkMathFortran\FrameworkMathFortran.vfproj", "{FF86E1DB-46D4-4B1F-BC13-034538FD934A}"
EndProject
Project("{8BC9CEB8-8B4A-11D0-8D11-00A0C91BC942}") = "FrameworkIPC", "FrameworkIPC\projects\FrameworkIPC\FrameworkIPC.vcproj", "{D28819EC-DE8F-4E89-8390-2A49AC7BF128}"
	ProjectSection(ProjectDependencies) = postProject
		{E91DFCCF-5080-4E09-8B45-8601AEB8177E} = {E91DFCCF-5080-4E09-8B45-8601AEB8177E}
		{A70D72A1-214F-49EA-A458-F9444EEA47F8} = {A70D72A1-214F-49EA-A458-F9444EEA47F8}
	EndProjectSection
EndProject
Project("{8BC9CEB8-8B4A-11D0-8D11-00A0C91BC942}") = "FrameworkSimArc", "FrameworkSimArc\projects\FrameworkSimArc\FrameworkSimArc.vcproj", "{C510F2F5-4865-4B6D-9E04-2E3BDB74E6BD}"
	ProjectSection(ProjectDependencies) = postProject
		{16F4B7C3-497A-401E-9CD1-06C55AE34887} = {16F4B7C3-497A-401E-9CD1-06C55AE34887}
		{E91DFCCF-5080-4E09-8B45-8601AEB8177E} = {E91DFCCF-5080-4E09-8B45-8601AEB8177E}
		{D28819EC-DE8F-4E89-8390-2A49AC7BF128} = {D28819EC-DE8F-4E89-8390-2A49AC7BF128}
	EndProjectSection
EndProject
Global
	GlobalSection(SolutionConfigurationPlatforms) = preSolution
		debug|Win32 = debug|Win32
		debug-static|Win32 = debug-static|Win32
		release|Win32 = release|Win32
		release-static|Win32 = release-static|Win32
	EndGlobalSection
	GlobalSection(ProjectConfigurationPlatforms) = postSolution
		{E91DFCCF-5080-4E09-8B45-8601AEB8177E}.debug|Win32.ActiveCfg = debug|Win32
		{E91DFCCF-5080-4E09-8B45-8601AEB8177E}.debug|Win32.Build.0 = debug|Win32
		{E91DFCCF-5080-4E09-8B45-8601AEB8177E}.debug-static|Win32.ActiveCfg = debug-static|Win32
		{E91DFCCF-5080-4E09-8B45-8601AEB8177E}.debug-static|Win32.Build.0 = debug-static|Win32
		{E91DFCCF-5080-4E09-8B45-8601AEB8177E}.release|Win32.ActiveCfg = release|Win32
		{E91DFCCF-5080-4E09-8B45-8601AEB8177E}.release|Win32.Build.0 = release|Win32
		{E91DFCCF-5080-4E09-8B45-8601AEB8177E}.release-static|Win32.ActiveCfg = release-static|Win32
		{E91DFCCF-5080-4E09-8B45-8601AEB8177E}.release-static|Win32.Build.0 = release-static|Win32
		{16F4B7C3-497A-401E-9CD1-06C55AE34887}.debug|Win32.ActiveCfg = debug|Win32
		{16F4B7C3-497A-401E-9CD1-06C55AE34887}.debug|Win32.Build.0 = debug|Win32
		{16F4B7C3-497A-401E-9CD1-06C55AE34887}.debug-static|Win32.ActiveCfg = debug-static|Win32
		{16F4B7C3-497A-401E-9CD1-06C55AE34887}.debug-static|Win32.Build.0 = debug-static|Win32
		{16F4B7C3-497A-401E-9CD1-06C55AE34887}.release|Win32.ActiveCfg = release|Win32
		{16F4B7C3-497A-401E-9CD1-06C55AE34887}.release|Win32.Build.0 = release|Win32
		{16F4B7C3-497A-401E-9CD1-06C55AE34887}.release-static|Win32.ActiveCfg = release-static|Win32
		{16F4B7C3-497A-401E-9CD1-06C55AE34887}.release-static|Win32.Build.0 = release-static|Win32
		{3D63F968-5435-4A0E-9DC4-465E3928C31C}.debug|Win32.ActiveCfg = debug|Win32
		{3D63F968-5435-4A0E-9DC4-465E3928C31C}.debug|Win32.Build.0 = debug|Win32
		{3D63F968-5435-4A0E-9DC4-465E3928C31C}.debug-static|Win32.ActiveCfg = debug-static|Win32
		{3D63F968-5435-4A0E-9DC4-465E3928C31C}.debug-static|Win32.Build.0 = debug-static|Win32
		{3D63F968-5435-4A0E-9DC4-465E3928C31C}.release|Win32.ActiveCfg = release|Win32
		{3D63F968-5435-4A0E-9DC4-465E3928C31C}.release|Win32.Build.0 = release|Win32
		{3D63F968-5435-4A0E-9DC4-465E3928C31C}.release-static|Win32.ActiveCfg = release-static|Win32
		{3D63F968-5435-4A0E-9DC4-465E3928C31C}.release-static|Win32.Build.0 = release-static|Win32
		{353759B5-6553-431C-9CE7-EF30221357F2}.debug|Win32.ActiveCfg = debug|Win32
		{353759B5-6553-431C-9CE7-EF30221357F2}.debug|Win32.Build.0 = debug|Win32
		{353759B5-6553-431C-9CE7-EF30221357F2}.debug-static|Win32.ActiveCfg = debug-static|Win32
		{353759B5-6553-431C-9CE7-EF30221357F2}.debug-static|Win32.Build.0 = debug-static|Win32
		{353759B5-6553-431C-9CE7-EF30221357F2}.release|Win32.ActiveCfg = release|Win32
		{353759B5-6553-431C-9CE7-EF30221357F2}.release|Win32.Build.0 = release|Win32
		{353759B5-6553-431C-9CE7-EF30221357F2}.release-static|Win32.ActiveCfg = release-static|Win32
		{353759B5-6553-431C-9CE7-EF30221357F2}.release-static|Win32.Build.0 = release-static|Win32
		{79AC6BE5-BEA8-4F14-83E8-8399D3C0A4FD}.debug|Win32.ActiveCfg = debug|Win32
		{79AC6BE5-BEA8-4F14-83E8-8399D3C0A4FD}.debug|Win32.Build.0 = debug|Win32
		{79AC6BE5-BEA8-4F14-83E8-8399D3C0A4FD}.debug-static|Win32.ActiveCfg = debug|Win32
		{79AC6BE5-BEA8-4F14-83E8-8399D3C0A4FD}.debug-static|Win32.Build.0 = debug|Win32
		{79AC6BE5-BEA8-4F14-83E8-8399D3C0A4FD}.release|Win32.ActiveCfg = release|Win32
		{79AC6BE5-BEA8-4F14-83E8-8399D3C0A4FD}.release|Win32.Build.0 = release|Win32
		{79AC6BE5-BEA8-4F14-83E8-8399D3C0A4FD}.release-static|Win32.ActiveCfg = release|Win32
		{79AC6BE5-BEA8-4F14-83E8-8399D3C0A4FD}.release-static|Win32.Build.0 = release|Win32
		{D716DC4B-6182-4B2C-B853-FE70A459C60C}.debug|Win32.ActiveCfg = Debug|Win32
		{D716DC4B-6182-4B2C-B853-FE70A459C60C}.debug|Win32.Build.0 = Debug|Win32
		{D716DC4B-6182-4B2C-B853-FE70A459C60C}.debug-static|Win32.ActiveCfg = Debug|Win32
		{D716DC4B-6182-4B2C-B853-FE70A459C60C}.debug-static|Win32.Build.0 = Debug|Win32
		{D716DC4B-6182-4B2C-B853-FE70A459C60C}.release|Win32.ActiveCfg = Release|Win32
		{D716DC4B-6182-4B2C-B853-FE70A459C60C}.release|Win32.Build.0 = Release|Win32
		{D716DC4B-6182-4B2C-B853-FE70A459C60C}.release-static|Win32.ActiveCfg = Release|Win32
		{D716DC4B-6182-4B2C-B853-FE70A459C60C}.release-static|Win32.Build.0 = Release|Win32
		{65D8B239-1C95-43CD-8BA5-41C341AAC44A}.debug|Win32.ActiveCfg = Debug|Win32
		{65D8B239-1C95-43CD-8BA5-41C341AAC44A}.debug|Win32.Build.0 = Debug|Win32
		{65D8B239-1C95-43CD-8BA5-41C341AAC44A}.debug-static|Win32.ActiveCfg = Debug|Win32
		{65D8B239-1C95-43CD-8BA5-41C341AAC44A}.debug-static|Win32.Build.0 = Debug|Win32
		{65D8B239-1C95-43CD-8BA5-41C341AAC44A}.release|Win32.ActiveCfg = Release|Win32
		{65D8B239-1C95-43CD-8BA5-41C341AAC44A}.release|Win32.Build.0 = Release|Win32
		{65D8B239-1C95-43CD-8BA5-41C341AAC44A}.release-static|Win32.ActiveCfg = Release|Win32
		{65D8B239-1C95-43CD-8BA5-41C341AAC44A}.release-static|Win32.Build.0 = Release|Win32
		{E9968EFC-8835-482B-B61A-FC1A07A54483}.debug|Win32.ActiveCfg = Debug|Win32
		{E9968EFC-8835-482B-B61A-FC1A07A54483}.debug|Win32.Build.0 = Debug|Win32
		{E9968EFC-8835-482B-B61A-FC1A07A54483}.debug-static|Win32.ActiveCfg = Debug|Win32
		{E9968EFC-8835-482B-B61A-FC1A07A54483}.debug-static|Win32.Build.0 = Debug|Win32
		{E9968EFC-8835-482B-B61A-FC1A07A54483}.release|Win32.ActiveCfg = Release|Win32
		{E9968EFC-8835-482B-B61A-FC1A07A54483}.release|Win32.Build.0 = Release|Win32
		{E9968EFC-8835-482B-B61A-FC1A07A54483}.release-static|Win32.ActiveCfg = Release|Win32
		{E9968EFC-8835-482B-B61A-FC1A07A54483}.release-static|Win32.Build.0 = Release|Win32
		{0D492754-492F-4533-A2EB-46C3520410C4}.debug|Win32.ActiveCfg = Debug|Win32
		{0D492754-492F-4533-A2EB-46C3520410C4}.debug|Win32.Build.0 = Debug|Win32
		{0D492754-492F-4533-A2EB-46C3520410C4}.debug-static|Win32.ActiveCfg = Debug|Win32
		{0D492754-492F-4533-A2EB-46C3520410C4}.debug-static|Win32.Build.0 = Debug|Win32
		{0D492754-492F-4533-A2EB-46C3520410C4}.release|Win32.ActiveCfg = Release|Win32
		{0D492754-492F-4533-A2EB-46C3520410C4}.release|Win32.Build.0 = Release|Win32
		{0D492754-492F-4533-A2EB-46C3520410C4}.release-static|Win32.ActiveCfg = Release|Win32
		{0D492754-492F-4533-A2EB-46C3520410C4}.release-static|Win32.Build.0 = Release|Win32
		{F48796E2-5C49-43AB-844F-0CDB059F2405}.debug|Win32.ActiveCfg = Debug|Win32
		{F48796E2-5C49-43AB-844F-0CDB059F2405}.debug|Win32.Build.0 = Debug|Win32
		{F48796E2-5C49-43AB-844F-0CDB059F2405}.debug-static|Win32.ActiveCfg = Debug|Win32
		{F48796E2-5C49-43AB-844F-0CDB059F2405}.debug-static|Win32.Build.0 = Debug|Win32
		{F48796E2-5C49-43AB-844F-0CDB059F2405}.release|Win32.ActiveCfg = Release|Win32
		{F48796E2-5C49-43AB-844F-0CDB059F2405}.release|Win32.Build.0 = Release|Win32
		{F48796E2-5C49-43AB-844F-0CDB059F2405}.release-static|Win32.ActiveCfg = Release|Win32
		{F48796E2-5C49-43AB-844F-0CDB059F2405}.release-static|Win32.Build.0 = Release|Win32
		{4D5C7457-442A-419E-9FE4-4855C064FB43}.debug|Win32.ActiveCfg = Debug|Win32
		{4D5C7457-442A-419E-9FE4-4855C064FB43}.debug|Win32.Build.0 = Debug|Win32
		{4D5C7457-442A-419E-9FE4-4855C064FB43}.debug-static|Win32.ActiveCfg = Debug|Win32
		{4D5C7457-442A-419E-9FE4-4855C064FB43}.debug-static|Win32.Build.0 = Debug|Win32
		{4D5C7457-442A-419E-9FE4-4855C064FB43}.release|Win32.ActiveCfg = Release|Win32
		{4D5C7457-442A-419E-9FE4-4855C064FB43}.release|Win32.Build.0 = Release|Win32
		{4D5C7457-442A-419E-9FE4-4855C064FB43}.release-static|Win32.ActiveCfg = Release|Win32
		{4D5C7457-442A-419E-9FE4-4855C064FB43}.release-static|Win32.Build.0 = Release|Win32
		{BFFC7BC6-832E-42C3-BA23-DFA5246EF949}.debug|Win32.ActiveCfg = Debug|Win32
		{BFFC7BC6-832E-42C3-BA23-DFA5246EF949}.debug|Win32.Build.0 = Debug|Win32
		{BFFC7BC6-832E-42C3-BA23-DFA5246EF949}.debug-static|Win32.ActiveCfg = Debug|Win32
		{BFFC7BC6-832E-42C3-BA23-DFA5246EF949}.debug-static|Win32.Build.0 = Debug|Win32
		{BFFC7BC6-832E-42C3-BA23-DFA5246EF949}.release|Win32.ActiveCfg = Release|Win32
		{BFFC7BC6-832E-42C3-BA23-DFA5246EF949}.release|Win32.Build.0 = Release|Win32
		{BFFC7BC6-832E-42C3-BA23-DFA5246EF949}.release-static|Win32.ActiveCfg = Release|Win32
		{BFFC7BC6-832E-42C3-BA23-DFA5246EF949}.release-static|Win32.Build.0 = Release|Win32
		{AF3884E1-1CE8-4624-94EC-FCB333C55930}.debug|Win32.ActiveCfg = Debug|Win32
		{AF3884E1-1CE8-4624-94EC-FCB333C55930}.debug|Win32.Build.0 = Debug|Win32
		{AF3884E1-1CE8-4624-94EC-FCB333C55930}.debug-static|Win32.ActiveCfg = Debug|Win32
		{AF3884E1-1CE8-4624-94EC-FCB333C55930}.debug-static|Win32.Build.0 = Debug|Win32
		{AF3884E1-1CE8-4624-94EC-FCB333C55930}.release|Win32.ActiveCfg = Release|Win32
		{AF3884E1-1CE8-4624-94EC-FCB333C55930}.release|Win32.Build.0 = Release|Win32
		{AF3884E1-1CE8-4624-94EC-FCB333C55930}.release-static|Win32.ActiveCfg = Release|Win32
		{AF3884E1-1CE8-4624-94EC-FCB333C55930}.release-static|Win32.Build.0 = Release|Win32
		{A7E099DD-D363-41CB-BD7B-865E49D490F7}.debug|Win32.ActiveCfg = Debug|Win32
		{A7E099DD-D363-41CB-BD7B-865E49D490F7}.debug|Win32.Build.0 = Debug|Win32
		{A7E099DD-D363-41CB-BD7B-865E49D490F7}.debug-static|Win32.ActiveCfg = Debug|Win32
		{A7E099DD-D363-41CB-BD7B-865E49D490F7}.debug-static|Win32.Build.0 = Debug|Win32
		{A7E099DD-D363-41CB-BD7B-865E49D490F7}.release|Win32.ActiveCfg = Release|Win32
		{A7E099DD-D363-41CB-BD7B-865E49D490F7}.release|Win32.Build.0 = Release|Win32
		{A7E099DD-D363-41CB-BD7B-865E49D490F7}.release-static|Win32.ActiveCfg = Release|Win32
		{A7E099DD-D363-41CB-BD7B-865E49D490F7}.release-static|Win32.Build.0 = Release|Win32
		{98D72A90-8BA1-47CE-8760-F41F3E3BF75B}.debug|Win32.ActiveCfg = Debug|Win32
		{98D72A90-8BA1-47CE-8760-F41F3E3BF75B}.debug|Win32.Build.0 = Debug|Win32
		{98D72A90-8BA1-47CE-8760-F41F3E3BF75B}.debug-static|Win32.ActiveCfg = Debug|Win32
		{98D72A90-8BA1-47CE-8760-F41F3E3BF75B}.debug-static|Win32.Build.0 = Debug|Win32
		{98D72A90-8BA1-47CE-8760-F41F3E3BF75B}.release|Win32.ActiveCfg = Release|Win32
		{98D72A90-8BA1-47CE-8760-F41F3E3BF75B}.release|Win32.Build.0 = Release|Win32
		{98D72A90-8BA1-47CE-8760-F41F3E3BF75B}.release-static|Win32.ActiveCfg = Release|Win32
		{98D72A90-8BA1-47CE-8760-F41F3E3BF75B}.release-static|Win32.Build.0 = Release|Win32
		{6959BDFF-47FA-42AF-85AE-18426B52D2DA}.debug|Win32.ActiveCfg = Debug|Win32
		{6959BDFF-47FA-42AF-85AE-18426B52D2DA}.debug|Win32.Build.0 = Debug|Win32
		{6959BDFF-47FA-42AF-85AE-18426B52D2DA}.debug-static|Win32.ActiveCfg = Debug|Win32
		{6959BDFF-47FA-42AF-85AE-18426B52D2DA}.debug-static|Win32.Build.0 = Debug|Win32
		{6959BDFF-47FA-42AF-85AE-18426B52D2DA}.release|Win32.ActiveCfg = Release|Win32
		{6959BDFF-47FA-42AF-85AE-18426B52D2DA}.release|Win32.Build.0 = Release|Win32
		{6959BDFF-47FA-42AF-85AE-18426B52D2DA}.release-static|Win32.ActiveCfg = Release|Win32
		{6959BDFF-47FA-42AF-85AE-18426B52D2DA}.release-static|Win32.Build.0 = Release|Win32
		{AD87259D-5072-46DD-A5F7-8CCBB3516D6F}.debug|Win32.ActiveCfg = Debug|Win32
		{AD87259D-5072-46DD-A5F7-8CCBB3516D6F}.debug|Win32.Build.0 = Debug|Win32
		{AD87259D-5072-46DD-A5F7-8CCBB3516D6F}.debug-static|Win32.ActiveCfg = Debug|Win32
		{AD87259D-5072-46DD-A5F7-8CCBB3516D6F}.debug-static|Win32.Build.0 = Debug|Win32
		{AD87259D-5072-46DD-A5F7-8CCBB3516D6F}.release|Win32.ActiveCfg = Release|Win32
		{AD87259D-5072-46DD-A5F7-8CCBB3516D6F}.release|Win32.Build.0 = Release|Win32
		{AD87259D-5072-46DD-A5F7-8CCBB3516D6F}.release-static|Win32.ActiveCfg = Release|Win32
		{AD87259D-5072-46DD-A5F7-8CCBB3516D6F}.release-static|Win32.Build.0 = Release|Win32
		{3C913B47-A535-4DFD-A639-3F0B2CBA6E3F}.debug|Win32.ActiveCfg = Debug|Win32
		{3C913B47-A535-4DFD-A639-3F0B2CBA6E3F}.debug|Win32.Build.0 = Debug|Win32
		{3C913B47-A535-4DFD-A639-3F0B2CBA6E3F}.debug-static|Win32.ActiveCfg = Debug|Win32
		{3C913B47-A535-4DFD-A639-3F0B2CBA6E3F}.debug-static|Win32.Build.0 = Debug|Win32
		{3C913B47-A535-4DFD-A639-3F0B2CBA6E3F}.release|Win32.ActiveCfg = Release|Win32
		{3C913B47-A535-4DFD-A639-3F0B2CBA6E3F}.release|Win32.Build.0 = Release|Win32
		{3C913B47-A535-4DFD-A639-3F0B2CBA6E3F}.release-static|Win32.ActiveCfg = Release|Win32
		{3C913B47-A535-4DFD-A639-3F0B2CBA6E3F}.release-static|Win32.Build.0 = Release|Win32
		{BD64348D-2ACC-4BB4-9E43-9A8EB30D555E}.debug|Win32.ActiveCfg = Debug|Win32
		{BD64348D-2ACC-4BB4-9E43-9A8EB30D555E}.debug|Win32.Build.0 = Debug|Win32
		{BD64348D-2ACC-4BB4-9E43-9A8EB30D555E}.debug-static|Win32.ActiveCfg = Debug|Win32
		{BD64348D-2ACC-4BB4-9E43-9A8EB30D555E}.debug-static|Win32.Build.0 = Debug|Win32
		{BD64348D-2ACC-4BB4-9E43-9A8EB30D555E}.release|Win32.ActiveCfg = Release|Win32
		{BD64348D-2ACC-4BB4-9E43-9A8EB30D555E}.release|Win32.Build.0 = Release|Win32
		{BD64348D-2ACC-4BB4-9E43-9A8EB30D555E}.release-static|Win32.ActiveCfg = Release|Win32
		{BD64348D-2ACC-4BB4-9E43-9A8EB30D555E}.release-static|Win32.Build.0 = Release|Win32
		{4F98A99A-D687-4F5C-9218-E40DDB6E64EC}.debug|Win32.ActiveCfg = Debug|Win32
		{4F98A99A-D687-4F5C-9218-E40DDB6E64EC}.debug|Win32.Build.0 = Debug|Win32
		{4F98A99A-D687-4F5C-9218-E40DDB6E64EC}.debug-static|Win32.ActiveCfg = Debug|Win32
		{4F98A99A-D687-4F5C-9218-E40DDB6E64EC}.debug-static|Win32.Build.0 = Debug|Win32
		{4F98A99A-D687-4F5C-9218-E40DDB6E64EC}.release|Win32.ActiveCfg = Release|Win32
		{4F98A99A-D687-4F5C-9218-E40DDB6E64EC}.release|Win32.Build.0 = Release|Win32
		{4F98A99A-D687-4F5C-9218-E40DDB6E64EC}.release-static|Win32.ActiveCfg = Release|Win32
		{4F98A99A-D687-4F5C-9218-E40DDB6E64EC}.release-static|Win32.Build.0 = Release|Win32
		{162B3CDE-963B-4BA2-869F-F902A23CE8D0}.debug|Win32.ActiveCfg = Debug|Win32
		{162B3CDE-963B-4BA2-869F-F902A23CE8D0}.debug|Win32.Build.0 = Debug|Win32
		{162B3CDE-963B-4BA2-869F-F902A23CE8D0}.debug-static|Win32.ActiveCfg = Debug|Win32
		{162B3CDE-963B-4BA2-869F-F902A23CE8D0}.debug-static|Win32.Build.0 = Debug|Win32
		{162B3CDE-963B-4BA2-869F-F902A23CE8D0}.release|Win32.ActiveCfg = Release|Win32
		{162B3CDE-963B-4BA2-869F-F902A23CE8D0}.release|Win32.Build.0 = Release|Win32
		{162B3CDE-963B-4BA2-869F-F902A23CE8D0}.release-static|Win32.ActiveCfg = Release|Win32
		{162B3CDE-963B-4BA2-869F-F902A23CE8D0}.release-static|Win32.Build.0 = Release|Win32
		{A70D72A1-214F-49EA-A458-F9444EEA47F8}.debug|Win32.ActiveCfg = debug|Win32
		{A70D72A1-214F-49EA-A458-F9444EEA47F8}.debug|Win32.Build.0 = debug|Win32
		{A70D72A1-214F-49EA-A458-F9444EEA47F8}.debug-static|Win32.ActiveCfg = debug|Win32
		{A70D72A1-214F-49EA-A458-F9444EEA47F8}.debug-static|Win32.Build.0 = debug|Win32
		{A70D72A1-214F-49EA-A458-F9444EEA47F8}.release|Win32.ActiveCfg = release|Win32
		{A70D72A1-214F-49EA-A458-F9444EEA47F8}.release|Win32.Build.0 = release|Win32
		{A70D72A1-214F-49EA-A458-F9444EEA47F8}.release-static|Win32.ActiveCfg = release|Win32
		{A70D72A1-214F-49EA-A458-F9444EEA47F8}.release-static|Win32.Build.0 = release|Win32
		{BBB593A4-30C5-4049-A119-8FE7643B6B88}.debug|Win32.ActiveCfg = debug|Win32
		{BBB593A4-30C5-4049-A119-8FE7643B6B88}.debug|Win32.Build.0 = debug|Win32
		{BBB593A4-30C5-4049-A119-8FE7643B6B88}.debug-static|Win32.ActiveCfg = debug|Win32
		{BBB593A4-30C5-4049-A119-8FE7643B6B88}.debug-static|Win32.Build.0 = debug|Win32
		{BBB593A4-30C5-4049-A119-8FE7643B6B88}.release|Win32.ActiveCfg = release|Win32
		{BBB593A4-30C5-4049-A119-8FE7643B6B88}.release|Win32.Build.0 = release|Win32
		{BBB593A4-30C5-4049-A119-8FE7643B6B88}.release-static|Win32.ActiveCfg = release|Win32
		{BBB593A4-30C5-4049-A119-8FE7643B6B88}.release-static|Win32.Build.0 = release|Win32
		{FF86E1DB-46D4-4B1F-BC13-034538FD934A}.debug|Win32.ActiveCfg = debug|Win32
		{FF86E1DB-46D4-4B1F-BC13-034538FD934A}.debug|Win32.Build.0 = debug|Win32
		{FF86E1DB-46D4-4B1F-BC13-034538FD934A}.debug-static|Win32.ActiveCfg = debug|Win32
		{FF86E1DB-46D4-4B1F-BC13-034538FD934A}.debug-static|Win32.Build.0 = debug|Win32
		{FF86E1DB-46D4-4B1F-BC13-034538FD934A}.release|Win32.ActiveCfg = release|Win32
		{FF86E1DB-46D4-4B1F-BC13-034538FD934A}.release|Win32.Build.0 = release|Win32
		{FF86E1DB-46D4-4B1F-BC13-034538FD934A}.release-static|Win32.ActiveCfg = release|Win32
		{FF86E1DB-46D4-4B1F-BC13-034538FD934A}.release-static|Win32.Build.0 = release|Win32
		{D28819EC-DE8F-4E89-8390-2A49AC7BF128}.debug|Win32.ActiveCfg = debug|Win32
		{D28819EC-DE8F-4E89-8390-2A49AC7BF128}.debug|Win32.Build.0 = debug|Win32
		{D28819EC-DE8F-4E89-8390-2A49AC7BF128}.debug-static|Win32.ActiveCfg = debug-static|Win32
		{D28819EC-DE8F-4E89-8390-2A49AC7BF128}.debug-static|Win32.Build.0 = debug-static|Win32
		{D28819EC-DE8F-4E89-8390-2A49AC7BF128}.release|Win32.ActiveCfg = release|Win32
		{D28819EC-DE8F-4E89-8390-2A49AC7BF128}.release|Win32.Build.0 = release|Win32
		{D28819EC-DE8F-4E89-8390-2A49AC7BF128}.release-static|Win32.ActiveCfg = release-static|Win32
		{D28819EC-DE8F-4E89-8390-2A49AC7BF128}.release-static|Win32.Build.0 = release-static|Win32
		{C510F2F5-4865-4B6D-9E04-2E3BDB74E6BD}.debug|Win32.ActiveCfg = debug|Win32
		{C510F2F5-4865-4B6D-9E04-2E3BDB74E6BD}.debug|Win32.Build.0 = debug|Win32
		{C510F2F5-4865-4B6D-9E04-2E3BDB74E6BD}.debug-static|Win32.ActiveCfg = debug|Win32
		{C510F2F5-4865-4B6D-9E04-2E3BDB74E6BD}.debug-static|Win32.Build.0 = debug|Win32
		{C510F2F5-4865-4B6D-9E04-2E3BDB74E6BD}.release|Win32.ActiveCfg = release|Win32
		{C510F2F5-4865-4B6D-9E04-2E3BDB74E6BD}.release|Win32.Build.0 = release|Win32
		{C510F2F5-4865-4B6D-9E04-2E3BDB74E6BD}.release-static|Win32.ActiveCfg = release|Win32
		{C510F2F5-4865-4B6D-9E04-2E3BDB74E6BD}.release-static|Win32.Build.0 = release|Win32
	EndGlobalSection
	GlobalSection(SolutionProperties) = preSolution
		HideSolutionNode = FALSE
	EndGlobalSection
	GlobalSection(NestedProjects) = preSolution
		{E91DFCCF-5080-4E09-8B45-8601AEB8177E} = {87200889-3F37-4C64-AF92-5712755E0C5C}
		{16F4B7C3-497A-401E-9CD1-06C55AE34887} = {78DA72CB-E94A-4B92-B1E5-955DB81949F9}
		{B18AF560-B524-42A4-800C-866EA19595F2} = {77E7B48F-D096-4AE4-A9FA-8828740CB836}
		{3D63F968-5435-4A0E-9DC4-465E3928C31C} = {77E7B48F-D096-4AE4-A9FA-8828740CB836}
		{353759B5-6553-431C-9CE7-EF30221357F2} = {68F8FB8C-96F6-40AB-88EF-5C8F3131D550}
		{79AC6BE5-BEA8-4F14-83E8-8399D3C0A4FD} = {23DE403C-9CC9-43BC-84AD-41E89DE29219}
		{C6CDD22D-CDE1-4751-9D07-7AA1665FA1FF} = {B18AF560-B524-42A4-800C-866EA19595F2}
		{3F0A8D1C-60D4-4CFF-AE95-9151293E34FA} = {C6CDD22D-CDE1-4751-9D07-7AA1665FA1FF}
		{19CEC1ED-DD8D-499A-A5F9-3531F7C73EC2} = {C6CDD22D-CDE1-4751-9D07-7AA1665FA1FF}
		{D716DC4B-6182-4B2C-B853-FE70A459C60C} = {3F0A8D1C-60D4-4CFF-AE95-9151293E34FA}
		{65D8B239-1C95-43CD-8BA5-41C341AAC44A} = {3F0A8D1C-60D4-4CFF-AE95-9151293E34FA}
		{E9968EFC-8835-482B-B61A-FC1A07A54483} = {3F0A8D1C-60D4-4CFF-AE95-9151293E34FA}
		{0D492754-492F-4533-A2EB-46C3520410C4} = {3F0A8D1C-60D4-4CFF-AE95-9151293E34FA}
		{F48796E2-5C49-43AB-844F-0CDB059F2405} = {3F0A8D1C-60D4-4CFF-AE95-9151293E34FA}
		{4D5C7457-442A-419E-9FE4-4855C064FB43} = {3F0A8D1C-60D4-4CFF-AE95-9151293E34FA}
		{BFFC7BC6-832E-42C3-BA23-DFA5246EF949} = {3F0A8D1C-60D4-4CFF-AE95-9151293E34FA}
		{AF3884E1-1CE8-4624-94EC-FCB333C55930} = {3F0A8D1C-60D4-4CFF-AE95-9151293E34FA}
		{A7E099DD-D363-41CB-BD7B-865E49D490F7} = {19CEC1ED-DD8D-499A-A5F9-3531F7C73EC2}
		{98D72A90-8BA1-47CE-8760-F41F3E3BF75B} = {19CEC1ED-DD8D-499A-A5F9-3531F7C73EC2}
		{6959BDFF-47FA-42AF-85AE-18426B52D2DA} = {19CEC1ED-DD8D-499A-A5F9-3531F7C73EC2}
		{AD87259D-5072-46DD-A5F7-8CCBB3516D6F} = {19CEC1ED-DD8D-499A-A5F9-3531F7C73EC2}
		{3C913B47-A535-4DFD-A639-3F0B2CBA6E3F} = {19CEC1ED-DD8D-499A-A5F9-3531F7C73EC2}
		{BD64348D-2ACC-4BB4-9E43-9A8EB30D555E} = {19CEC1ED-DD8D-499A-A5F9-3531F7C73EC2}
		{4F98A99A-D687-4F5C-9218-E40DDB6E64EC} = {19CEC1ED-DD8D-499A-A5F9-3531F7C73EC2}
		{162B3CDE-963B-4BA2-869F-F902A23CE8D0} = {19CEC1ED-DD8D-499A-A5F9-3531F7C73EC2}
		{A70D72A1-214F-49EA-A458-F9444EEA47F8} = {DD8E8CEC-E15A-4DB4-B548-9223A39261D6}
		{BBB593A4-30C5-4049-A119-8FE7643B6B88} = {D68C703B-00DE-4DF4-8DAF-500E2DC3454A}
		{FF86E1DB-46D4-4B1F-BC13-034538FD934A} = {D68C703B-00DE-4DF4-8DAF-500E2DC3454A}
		{D28819EC-DE8F-4E89-8390-2A49AC7BF128} = {EA883863-F623-4DBB-B632-D8448783CE28}
		{C510F2F5-4865-4B6D-9E04-2E3BDB74E6BD} = {9FF99DB0-7AB4-45F8-B71D-0D5085C90C90}
	EndGlobalSection
EndGlobal
